// !$*UTF8*$!
{
	archiveVersion = 1;
	classes = {
	};
	objectVersion = 46;
	objects = {

/* Begin PBXBuildFile section */
		72BED2481A5C69B2003ED7A0 /* SynthUnits.h in Headers */ = {isa = PBXBuildFile; fileRef = 72BED2471A5C69B2003ED7A0 /* SynthUnits.h */; };
		72BED24A1A5C69B2003ED7A0 /* SynthUnits.m in Sources */ = {isa = PBXBuildFile; fileRef = 72BED2491A5C69B2003ED7A0 /* SynthUnits.m */; };
		72BED2501A5C69B2003ED7A0 /* libSynthUnits.dylib in Frameworks */ = {isa = PBXBuildFile; fileRef = 72BED2441A5C69B1003ED7A0 /* libSynthUnits.dylib */; };
/* End PBXBuildFile section */

/* Begin PBXContainerItemProxy section */
		72BED2511A5C69B2003ED7A0 /* PBXContainerItemProxy */ = {
			isa = PBXContainerItemProxy;
			containerPortal = 72BED23C1A5C69B1003ED7A0 /* Project object */;
			proxyType = 1;
			remoteGlobalIDString = 72BED2431A5C69B1003ED7A0;
			remoteInfo = SynthUnits;
		};
/* End PBXContainerItemProxy section */

/* Begin PBXFileReference section */
		72BED2441A5C69B1003ED7A0 /* libSynthUnits.dylib */ = {isa = PBXFileReference; explicitFileType = "compiled.mach-o.dylib"; includeInIndex = 0; path = libSynthUnits.dylib; sourceTree = BUILT_PRODUCTS_DIR; };
		72BED2471A5C69B2003ED7A0 /* SynthUnits.h */ = {isa = PBXFileReference; lastKnownFileType = sourcecode.c.h; path = SynthUnits.h; sourceTree = "<group>"; };
		72BED2491A5C69B2003ED7A0 /* SynthUnits.m */ = {isa = PBXFileReference; lastKnownFileType = sourcecode.c.objc; path = SynthUnits.m; sourceTree = "<group>"; };
		72BED24F1A5C69B2003ED7A0 /* SynthUnitsTests.xctest */ = {isa = PBXFileReference; explicitFileType = wrapper.cfbundle; includeInIndex = 0; path = SynthUnitsTests.xctest; sourceTree = BUILT_PRODUCTS_DIR; };
		72BED2551A5C69B2003ED7A0 /* Info.plist */ = {isa = PBXFileReference; lastKnownFileType = text.plist.xml; path = Info.plist; sourceTree = "<group>"; };
/* End PBXFileReference section */

/* Begin PBXFrameworksBuildPhase section */
		72BED2411A5C69B1003ED7A0 /* Frameworks */ = {
			isa = PBXFrameworksBuildPhase;
			buildActionMask = 2147483647;
			files = (
			);
			runOnlyForDeploymentPostprocessing = 0;
		};
		72BED24C1A5C69B2003ED7A0 /* Frameworks */ = {
			isa = PBXFrameworksBuildPhase;
			buildActionMask = 2147483647;
			files = (
				72BED2501A5C69B2003ED7A0 /* libSynthUnits.dylib in Frameworks */,
			);
			runOnlyForDeploymentPostprocessing = 0;
		};
/* End PBXFrameworksBuildPhase section */

/* Begin PBXGroup section */
		72BED23B1A5C69B1003ED7A0 = {
			isa = PBXGroup;
			children = (
				72BED2461A5C69B1003ED7A0 /* SynthUnits */,
				72BED2531A5C69B2003ED7A0 /* SynthUnitsTests */,
				72BED2451A5C69B1003ED7A0 /* Products */,
			);
			sourceTree = "<group>";
		};
		72BED2451A5C69B1003ED7A0 /* Products */ = {
			isa = PBXGroup;
			children = (
				72BED2441A5C69B1003ED7A0 /* libSynthUnits.dylib */,
				72BED24F1A5C69B2003ED7A0 /* SynthUnitsTests.xctest */,
			);
			name = Products;
			sourceTree = "<group>";
		};
		72BED2461A5C69B1003ED7A0 /* SynthUnits */ = {
			isa = PBXGroup;
			children = (
				72BED2471A5C69B2003ED7A0 /* SynthUnits.h */,
				72BED2491A5C69B2003ED7A0 /* SynthUnits.m */,
			);
			path = SynthUnits;
			sourceTree = "<group>";
		};
		72BED2531A5C69B2003ED7A0 /* SynthUnitsTests */ = {
			isa = PBXGroup;
			children = (
				72BED2541A5C69B2003ED7A0 /* Supporting Files */,
			);
			path = SynthUnitsTests;
			sourceTree = "<group>";
		};
		72BED2541A5C69B2003ED7A0 /* Supporting Files */ = {
			isa = PBXGroup;
			children = (
				72BED2551A5C69B2003ED7A0 /* Info.plist */,
			);
			name = "Supporting Files";
			sourceTree = "<group>";
		};
/* End PBXGroup section */

/* Begin PBXHeadersBuildPhase section */
		72BED2421A5C69B1003ED7A0 /* Headers */ = {
			isa = PBXHeadersBuildPhase;
			buildActionMask = 2147483647;
			files = (
				72BED2481A5C69B2003ED7A0 /* SynthUnits.h in Headers */,
			);
			runOnlyForDeploymentPostprocessing = 0;
		};
/* End PBXHeadersBuildPhase section */

/* Begin PBXNativeTarget section */
		72BED2431A5C69B1003ED7A0 /* SynthUnits */ = {
			isa = PBXNativeTarget;
			buildConfigurationList = 72BED2581A5C69B2003ED7A0 /* Build configuration list for PBXNativeTarget "SynthUnits" */;
			buildPhases = (
				72BED2401A5C69B1003ED7A0 /* Sources */,
				72BED2411A5C69B1003ED7A0 /* Frameworks */,
				72BED2421A5C69B1003ED7A0 /* Headers */,
			);
			buildRules = (
			);
			dependencies = (
			);
			name = SynthUnits;
			productName = SynthUnits;
			productReference = 72BED2441A5C69B1003ED7A0 /* libSynthUnits.dylib */;
			productType = "com.apple.product-type.library.dynamic";
		};
		72BED24E1A5C69B2003ED7A0 /* SynthUnitsTests */ = {
			isa = PBXNativeTarget;
			buildConfigurationList = 72BED25B1A5C69B2003ED7A0 /* Build configuration list for PBXNativeTarget "SynthUnitsTests" */;
			buildPhases = (
				72BED24B1A5C69B2003ED7A0 /* Sources */,
				72BED24C1A5C69B2003ED7A0 /* Frameworks */,
				72BED24D1A5C69B2003ED7A0 /* Resources */,
			);
			buildRules = (
			);
			dependencies = (
				72BED2521A5C69B2003ED7A0 /* PBXTargetDependency */,
			);
			name = SynthUnitsTests;
			productName = SynthUnitsTests;
			productReference = 72BED24F1A5C69B2003ED7A0 /* SynthUnitsTests.xctest */;
			productType = "com.apple.product-type.bundle.unit-test";
		};
/* End PBXNativeTarget section */

/* Begin PBXProject section */
		72BED23C1A5C69B1003ED7A0 /* Project object */ = {
			isa = PBXProject;
			attributes = {
				LastUpgradeCheck = 0610;
				ORGANIZATIONNAME = none;
				TargetAttributes = {
					72BED2431A5C69B1003ED7A0 = {
						CreatedOnToolsVersion = 6.1.1;
					};
					72BED24E1A5C69B2003ED7A0 = {
						CreatedOnToolsVersion = 6.1.1;
					};
				};
			};
			buildConfigurationList = 72BED23F1A5C69B1003ED7A0 /* Build configuration list for PBXProject "SynthUnits" */;
			compatibilityVersion = "Xcode 3.2";
			developmentRegion = English;
			hasScannedForEncodings = 0;
			knownRegions = (
				en,
			);
			mainGroup = 72BED23B1A5C69B1003ED7A0;
			productRefGroup = 72BED2451A5C69B1003ED7A0 /* Products */;
			projectDirPath = "";
			projectRoot = "";
			targets = (
				72BED2431A5C69B1003ED7A0 /* SynthUnits */,
				72BED24E1A5C69B2003ED7A0 /* SynthUnitsTests */,
			);
		};
/* End PBXProject section */

/* Begin PBXResourcesBuildPhase section */
		72BED24D1A5C69B2003ED7A0 /* Resources */ = {
			isa = PBXResourcesBuildPhase;
			buildActionMask = 2147483647;
			files = (
			);
			runOnlyForDeploymentPostprocessing = 0;
		};
/* End PBXResourcesBuildPhase section */

/* Begin PBXSourcesBuildPhase section */
		72BED2401A5C69B1003ED7A0 /* Sources */ = {
			isa = PBXSourcesBuildPhase;
			buildActionMask = 2147483647;
			files = (
				72BED24A1A5C69B2003ED7A0 /* SynthUnits.m in Sources */,
			);
			runOnlyForDeploymentPostprocessing = 0;
		};
		72BED24B1A5C69B2003ED7A0 /* Sources */ = {
			isa = PBXSourcesBuildPhase;
			buildActionMask = 2147483647;
			files = (
			);
			runOnlyForDeploymentPostprocessing = 0;
		};
/* End PBXSourcesBuildPhase section */

/* Begin PBXTargetDependency section */
		72BED2521A5C69B2003ED7A0 /* PBXTargetDependency */ = {
			isa = PBXTargetDependency;
			target = 72BED2431A5C69B1003ED7A0 /* SynthUnits */;
			targetProxy = 72BED2511A5C69B2003ED7A0 /* PBXContainerItemProxy */;
		};
/* End PBXTargetDependency section */

/* Begin XCBuildConfiguration section */
		72BED2561A5C69B2003ED7A0 /* Debug */ = {
			isa = XCBuildConfiguration;
			buildSettings = {
				ALWAYS_SEARCH_USER_PATHS = NO;
				CLANG_CXX_LANGUAGE_STANDARD = "gnu++0x";
				CLANG_CXX_LIBRARY = "libc++";
				CLANG_ENABLE_MODULES = YES;
				CLANG_ENABLE_OBJC_ARC = YES;
				CLANG_WARN_BOOL_CONVERSION = YES;
				CLANG_WARN_CONSTANT_CONVERSION = YES;
				CLANG_WARN_DIRECT_OBJC_ISA_USAGE = YES_ERROR;
				CLANG_WARN_EMPTY_BODY = YES;
				CLANG_WARN_ENUM_CONVERSION = YES;
				CLANG_WARN_INT_CONVERSION = YES;
				CLANG_WARN_OBJC_ROOT_CLASS = YES_ERROR;
				CLANG_WARN_UNREACHABLE_CODE = YES;
				CLANG_WARN__DUPLICATE_METHOD_MATCH = YES;
				COPY_PHASE_STRIP = NO;
				ENABLE_STRICT_OBJC_MSGSEND = YES;
				GCC_C_LANGUAGE_STANDARD = gnu99;
				GCC_DYNAMIC_NO_PIC = NO;
				GCC_OPTIMIZATION_LEVEL = 0;
				GCC_PREPROCESSOR_DEFINITIONS = (
					"DEBUG=1",
					"$(inherited)",
				);
				GCC_SYMBOLS_PRIVATE_EXTERN = NO;
				GCC_WARN_64_TO_32_BIT_CONVERSION = YES;
				GCC_WARN_ABOUT_RETURN_TYPE = YES_ERROR;
				GCC_WARN_UNDECLARED_SELECTOR = YES;
				GCC_WARN_UNINITIALIZED_AUTOS = YES_AGGRESSIVE;
				GCC_WARN_UNUSED_FUNCTION = YES;
				GCC_WARN_UNUSED_VARIABLE = YES;
				MACOSX_DEPLOYMENT_TARGET = 10.10;
				MTL_ENABLE_DEBUG_INFO = YES;
				ONLY_ACTIVE_ARCH = YES;
				SDKROOT = macosx;
			};
			name = Debug;
		};
		72BED2571A5C69B2003ED7A0 /* Release */ = {
			isa = XCBuildConfiguration;
			buildSettings = {
				ALWAYS_SEARCH_USER_PATHS = NO;
				CLANG_CXX_LANGUAGE_STANDARD = "gnu++0x";
				CLANG_CXX_LIBRARY = "libc++";
				CLANG_ENABLE_MODULES = YES;
				CLANG_ENABLE_OBJC_ARC = YES;
				CLANG_WARN_BOOL_CONVERSION = YES;
				CLANG_WARN_CONSTANT_CONVERSION = YES;
				CLANG_WARN_DIRECT_OBJC_ISA_USAGE = YES_ERROR;
				CLANG_WARN_EMPTY_BODY = YES;
				CLANG_WARN_ENUM_CONVERSION = YES;
				CLANG_WARN_INT_CONVERSION = YES;
				CLANG_WARN_OBJC_ROOT_CLASS = YES_ERROR;
				CLANG_WARN_UNREACHABLE_CODE = YES;
				CLANG_WARN__DUPLICATE_METHOD_MATCH = YES;
				COPY_PHASE_STRIP = YES;
				DEBUG_INFORMATION_FORMAT = "dwarf-with-dsym";
				ENABLE_NS_ASSERTIONS = NO;
				ENABLE_STRICT_OBJC_MSGSEND = YES;
				GCC_C_LANGUAGE_STANDARD = gnu99;
				GCC_WARN_64_TO_32_BIT_CONVERSION = YES;
				GCC_WARN_ABOUT_RETURN_TYPE = YES_ERROR;
				GCC_WARN_UNDECLARED_SELECTOR = YES;
				GCC_WARN_UNINITIALIZED_AUTOS = YES_AGGRESSIVE;
				GCC_WARN_UNUSED_FUNCTION = YES;
				GCC_WARN_UNUSED_VARIABLE = YES;
				MACOSX_DEPLOYMENT_TARGET = 10.10;
				MTL_ENABLE_DEBUG_INFO = NO;
				SDKROOT = macosx;
			};
			name = Release;
		};
		72BED2591A5C69B2003ED7A0 /* Debug */ = {
			isa = XCBuildConfiguration;
			buildSettings = {
				DYLIB_COMPATIBILITY_VERSION = 1;
				DYLIB_CURRENT_VERSION = 1;
				EXECUTABLE_PREFIX = lib;
				PRODUCT_NAME = "$(TARGET_NAME)";
			};
			name = Debug;
		};
		72BED25A1A5C69B2003ED7A0 /* Release */ = {
			isa = XCBuildConfiguration;
			buildSettings = {
				DYLIB_COMPATIBILITY_VERSION = 1;
				DYLIB_CURRENT_VERSION = 1;
				EXECUTABLE_PREFIX = lib;
				PRODUCT_NAME = "$(TARGET_NAME)";
			};
			name = Release;
		};
		72BED25C1A5C69B2003ED7A0 /* Debug */ = {
			isa = XCBuildConfiguration;
			buildSettings = {
				COMBINE_HIDPI_IMAGES = YES;
				FRAMEWORK_SEARCH_PATHS = (
					"$(DEVELOPER_FRAMEWORKS_DIR)",
					"$(inherited)",
				);
				GCC_PREPROCESSOR_DEFINITIONS = (
					"DEBUG=1",
					"$(inherited)",
				);
				INFOPLIST_FILE = SynthUnitsTests/Info.plist;
				LD_RUNPATH_SEARCH_PATHS = "$(inherited) @executable_path/../Frameworks @loader_path/../Frameworks";
				PRODUCT_NAME = "$(TARGET_NAME)";
			};
			name = Debug;
		};
		72BED25D1A5C69B2003ED7A0 /* Release */ = {
			isa = XCBuildConfiguration;
			buildSettings = {
				COMBINE_HIDPI_IMAGES = YES;
				FRAMEWORK_SEARCH_PATHS = (
					"$(DEVELOPER_FRAMEWORKS_DIR)",
					"$(inherited)",
				);
				INFOPLIST_FILE = SynthUnitsTests/Info.plist;
				LD_RUNPATH_SEARCH_PATHS = "$(inherited) @executable_path/../Frameworks @loader_path/../Frameworks";
				PRODUCT_NAME = "$(TARGET_NAME)";
			};
			name = Release;
		};
/* End XCBuildConfiguration section */

/* Begin XCConfigurationList section */
		72BED23F1A5C69B1003ED7A0 /* Build configuration list for PBXProject "SynthUnits" */ = {
			isa = XCConfigurationList;
			buildConfigurations = (
				72BED2561A5C69B2003ED7A0 /* Debug */,
				72BED2571A5C69B2003ED7A0 /* Release */,
			);
			defaultConfigurationIsVisible = 0;
			defaultConfigurationName = Release;
		};
		72BED2581A5C69B2003ED7A0 /* Build configuration list for PBXNativeTarget "SynthUnits" */ = {
			isa = XCConfigurationList;
			buildConfigurations = (
				72BED2591A5C69B2003ED7A0 /* Debug */,
				72BED25A1A5C69B2003ED7A0 /* Release */,
			);
			defaultConfigurationIsVisible = 0;
		};
		72BED25B1A5C69B2003ED7A0 /* Build configuration list for PBXNativeTarget "SynthUnitsTests" */ = {
			isa = XCConfigurationList;
			buildConfigurations = (
				72BED25C1A5C69B2003ED7A0 /* Debug */,
				72BED25D1A5C69B2003ED7A0 /* Release */,
			);
			defaultConfigurationIsVisible = 0;
		};
/* End XCConfigurationList section */
	};
	rootObject = 72BED23C1A5C69B1003ED7A0 /* Project object */;
}
